
Microsoft Visual Studio Solution File, Format Version 12.00
# Visual Studio Version 16
VisualStudioVersion = 16.0.28803.202
MinimumVisualStudioVersion = 10.0.40219.1
Project("{FAE04EC0-301F-11D3-BF4B-00C04F79EFBC}") = "OxygenePolygons", "OxygenePolygons\OxygenePolygons.csproj", "{65C7A563-6F58-490F-BF63-BE2F611155DC}"
EndProject
Global
	GlobalSection(SolutionConfigurationPlatforms) = preSolution
		Debug|Any CPU = Debug|Any CPU
		Release|Any CPU = Release|Any CPU
	EndGlobalSection
	GlobalSection(ProjectConfigurationPlatforms) = postSolution
		{65C7A563-6F58-490F-BF63-BE2F611155DC}.Debug|Any CPU.ActiveCfg = Debug|Any CPU
		{65C7A563-6F58-490F-BF63-BE2F611155DC}.Debug|Any CPU.Build.0 = Debug|Any CPU
		{65C7A563-6F58-490F-BF63-BE2F611155DC}.Release|Any CPU.ActiveCfg = Release|Any CPU
		{65C7A563-6F58-490F-BF63-BE2F611155DC}.Release|Any CPU.Build.0 = Release|Any CPU
	EndGlobalSection
	GlobalSection(SolutionProperties) = preSolution
		HideSolutionNode = FALSE
	EndGlobalSection
	GlobalSection(ExtensibilityGlobals) = postSolution
		SolutionGuid = {7B7F5CE1-9958-43D0-86A1-891E4791C9C8}
	EndGlobalSection
EndGlobal
